
Microsoft Visual Studio Solution File, Format Version 12.00
Project("{FAE04EC0-301F-11D3-BF4B-00C04F79EFBC}") = "APBD5", "APBD5\APBD5.csproj", "{2AEA6746-BD9B-45E5-A801-D38DFA8989F9}"
EndProject
Global
	GlobalSection(SolutionConfigurationPlatforms) = preSolution
		Debug|Any CPU = Debug|Any CPU
		Release|Any CPU = Release|Any CPU
	EndGlobalSection
	GlobalSection(ProjectConfigurationPlatforms) = postSolution
		{2AEA6746-BD9B-45E5-A801-D38DFA8989F9}.Debug|Any CPU.ActiveCfg = Debug|Any CPU
		{2AEA6746-BD9B-45E5-A801-D38DFA8989F9}.Debug|Any CPU.Build.0 = Debug|Any CPU
		{2AEA6746-BD9B-45E5-A801-D38DFA8989F9}.Release|Any CPU.ActiveCfg = Release|Any CPU
		{2AEA6746-BD9B-45E5-A801-D38DFA8989F9}.Release|Any CPU.Build.0 = Release|Any CPU
	EndGlobalSection
EndGlobal
